
Microsoft Visual Studio Solution File, Format Version 12.00
# Visual Studio Version 17
VisualStudioVersion = 17.1.32210.238
MinimumVisualStudioVersion = 10.0.40219.1
Project("{FAE04EC0-301F-11D3-BF4B-00C04F79EFBC}") = "Wangbowen-0227AllLabApp", "Wangbowen-0227AllLabApp\Wangbowen-0227AllLabApp.csproj", "{80C19A3C-3631-417B-9736-92D0E86B2996}"
EndProject
Project("{FAE04EC0-301F-11D3-BF4B-00C04F79EFBC}") = "LabAss2", "LabAss2\LabAss2.csproj", "{DDC7B968-CA64-4D71-A61B-60BDFDEA3A5F}"
EndProject
Global
	GlobalSection(SolutionConfigurationPlatforms) = preSolution
		Debug|Any CPU = Debug|Any CPU
		Release|Any CPU = Release|Any CPU
	EndGlobalSection
	GlobalSection(ProjectConfigurationPlatforms) = postSolution
		{80C19A3C-3631-417B-9736-92D0E86B2996}.Debug|Any CPU.ActiveCfg = Debug|Any CPU
		{80C19A3C-3631-417B-9736-92D0E86B2996}.Debug|Any CPU.Build.0 = Debug|Any CPU
		{80C19A3C-3631-417B-9736-92D0E86B2996}.Release|Any CPU.ActiveCfg = Release|Any CPU
		{80C19A3C-3631-417B-9736-92D0E86B2996}.Release|Any CPU.Build.0 = Release|Any CPU
		{DDC7B968-CA64-4D71-A61B-60BDFDEA3A5F}.Debug|Any CPU.ActiveCfg = Debug|Any CPU
		{DDC7B968-CA64-4D71-A61B-60BDFDEA3A5F}.Debug|Any CPU.Build.0 = Debug|Any CPU
		{DDC7B968-CA64-4D71-A61B-60BDFDEA3A5F}.Release|Any CPU.ActiveCfg = Release|Any CPU
		{DDC7B968-CA64-4D71-A61B-60BDFDEA3A5F}.Release|Any CPU.Build.0 = Release|Any CPU
	EndGlobalSection
	GlobalSection(SolutionProperties) = preSolution
		HideSolutionNode = FALSE
	EndGlobalSection
	GlobalSection(ExtensibilityGlobals) = postSolution
		SolutionGuid = {74EC691F-FED0-4B6C-9D57-0F27C645814B}
	EndGlobalSection
EndGlobal
